// !$*UTF8*$!
{
	archiveVersion = 1;
	classes = {
	};
	objectVersion = 46;
	objects = {

/* Begin PBXBuildFile section */
		D435A5111BBDF5980054573B /* main.cpp in Sources */ = {isa = PBXBuildFile; fileRef = D435A5101BBDF5980054573B /* main.cpp */; };
		D435A5191BBDF5EF0054573B /* Die.cpp in Sources */ = {isa = PBXBuildFile; fileRef = D435A5171BBDF5EF0054573B /* Die.cpp */; settings = {ASSET_TAGS = (); }; };
		D435A51C1BBDF6330054573B /* LoadedDie.cpp in Sources */ = {isa = PBXBuildFile; fileRef = D435A51A1BBDF6330054573B /* LoadedDie.cpp */; settings = {ASSET_TAGS = (); }; };
		D435A51E1BBDF8640054573B /* Makefile in Sources */ = {isa = PBXBuildFile; fileRef = D435A51D1BBDF8640054573B /* Makefile */; settings = {ASSET_TAGS = (); }; };
/* End PBXBuildFile section */

/* Begin PBXCopyFilesBuildPhase section */
		D435A50B1BBDF5980054573B /* CopyFiles */ = {
			isa = PBXCopyFilesBuildPhase;
			buildActionMask = 2147483647;
			dstPath = /usr/share/man/man1/;
			dstSubfolderSpec = 0;
			files = (
			);
			runOnlyForDeploymentPostprocessing = 1;
		};
/* End PBXCopyFilesBuildPhase section */

/* Begin PBXFileReference section */
		D435A50D1BBDF5980054573B /* Lab1 */ = {isa = PBXFileReference; explicitFileType = "compiled.mach-o.executable"; includeInIndex = 0; path = Lab1; sourceTree = BUILT_PRODUCTS_DIR; };
		D435A5101BBDF5980054573B /* main.cpp */ = {isa = PBXFileReference; lastKnownFileType = sourcecode.cpp.cpp; path = main.cpp; sourceTree = "<group>"; };
		D435A5171BBDF5EF0054573B /* Die.cpp */ = {isa = PBXFileReference; fileEncoding = 4; lastKnownFileType = sourcecode.cpp.cpp; path = Die.cpp; sourceTree = "<group>"; };
		D435A5181BBDF5EF0054573B /* Die.hpp */ = {isa = PBXFileReference; fileEncoding = 4; lastKnownFileType = sourcecode.cpp.h; path = Die.hpp; sourceTree = "<group>"; };
		D435A51A1BBDF6330054573B /* LoadedDie.cpp */ = {isa = PBXFileReference; fileEncoding = 4; lastKnownFileType = sourcecode.cpp.cpp; path = LoadedDie.cpp; sourceTree = "<group>"; };
		D435A51B1BBDF6330054573B /* LoadedDie.hpp */ = {isa = PBXFileReference; fileEncoding = 4; lastKnownFileType = sourcecode.cpp.h; path = LoadedDie.hpp; sourceTree = "<group>"; };
		D435A51D1BBDF8640054573B /* Makefile */ = {isa = PBXFileReference; fileEncoding = 4; lastKnownFileType = sourcecode.make; name = Makefile; path = ../../Makefile; sourceTree = "<group>"; };
/* End PBXFileReference section */

/* Begin PBXFrameworksBuildPhase section */
		D435A50A1BBDF5980054573B /* Frameworks */ = {
			isa = PBXFrameworksBuildPhase;
			buildActionMask = 2147483647;
			files = (
			);
			runOnlyForDeploymentPostprocessing = 0;
		};
/* End PBXFrameworksBuildPhase section */

/* Begin PBXGroup section */
		D435A5041BBDF5980054573B = {
			isa = PBXGroup;
			children = (
				D435A50F1BBDF5980054573B /* Lab1 */,
				D435A50E1BBDF5980054573B /* Products */,
			);
			sourceTree = "<group>";
		};
		D435A50E1BBDF5980054573B /* Products */ = {
			isa = PBXGroup;
			children = (
				D435A50D1BBDF5980054573B /* Lab1 */,
			);
			name = Products;
			sourceTree = "<group>";
		};
		D435A50F1BBDF5980054573B /* Lab1 */ = {
			isa = PBXGroup;
			children = (
				D435A5101BBDF5980054573B /* main.cpp */,
				D435A51A1BBDF6330054573B /* LoadedDie.cpp */,
				D435A51B1BBDF6330054573B /* LoadedDie.hpp */,
				D435A51D1BBDF8640054573B /* Makefile */,
				D435A5171BBDF5EF0054573B /* Die.cpp */,
				D435A5181BBDF5EF0054573B /* Die.hpp */,
			);
			path = Lab1;
			sourceTree = "<group>";
		};
/* End PBXGroup section */

/* Begin PBXNativeTarget section */
		D435A50C1BBDF5980054573B /* Lab1 */ = {
			isa = PBXNativeTarget;
			buildConfigurationList = D435A5141BBDF5980054573B /* Build configuration list for PBXNativeTarget "Lab1" */;
			buildPhases = (
				D435A5091BBDF5980054573B /* Sources */,
				D435A50A1BBDF5980054573B /* Frameworks */,
				D435A50B1BBDF5980054573B /* CopyFiles */,
			);
			buildRules = (
			);
			dependencies = (
			);
			name = Lab1;
			productName = Lab1;
			productReference = D435A50D1BBDF5980054573B /* Lab1 */;
			productType = "com.apple.product-type.tool";
		};
/* End PBXNativeTarget section */

/* Begin PBXProject section */
		D435A5051BBDF5980054573B /* Project object */ = {
			isa = PBXProject;
			attributes = {
				LastUpgradeCheck = 0700;
				ORGANIZATIONNAME = "Rob Navarro";
				TargetAttributes = {
					D435A50C1BBDF5980054573B = {
						CreatedOnToolsVersion = 7.0;
					};
				};
			};
			buildConfigurationList = D435A5081BBDF5980054573B /* Build configuration list for PBXProject "Lab1" */;
			compatibilityVersion = "Xcode 3.2";
			developmentRegion = English;
			hasScannedForEncodings = 0;
			knownRegions = (
				en,
			);
			mainGroup = D435A5041BBDF5980054573B;
			productRefGroup = D435A50E1BBDF5980054573B /* Products */;
			projectDirPath = "";
			projectRoot = "";
			targets = (
				D435A50C1BBDF5980054573B /* Lab1 */,
			);
		};
/* End PBXProject section */

/* Begin PBXSourcesBuildPhase section */
		D435A5091BBDF5980054573B /* Sources */ = {
			isa = PBXSourcesBuildPhase;
			buildActionMask = 2147483647;
			files = (
				D435A5191BBDF5EF0054573B /* Die.cpp in Sources */,
				D435A51C1BBDF6330054573B /* LoadedDie.cpp in Sources */,
				D435A51E1BBDF8640054573B /* Makefile in Sources */,
				D435A5111BBDF5980054573B /* main.cpp in Sources */,
			);
			runOnlyForDeploymentPostprocessing = 0;
		};
/* End PBXSourcesBuildPhase section */

/* Begin XCBuildConfiguration section */
		D435A5121BBDF5980054573B /* Debug */ = {
			isa = XCBuildConfiguration;
			buildSettings = {
				ALWAYS_SEARCH_USER_PATHS = NO;
				CLANG_CXX_LANGUAGE_STANDARD = "gnu++0x";
				CLANG_CXX_LIBRARY = "libc++";
				CLANG_ENABLE_MODULES = YES;
				CLANG_ENABLE_OBJC_ARC = YES;
				CLANG_WARN_BOOL_CONVERSION = YES;
				CLANG_WARN_CONSTANT_CONVERSION = YES;
				CLANG_WARN_DIRECT_OBJC_ISA_USAGE = YES_ERROR;
				CLANG_WARN_EMPTY_BODY = YES;
				CLANG_WARN_ENUM_CONVERSION = YES;
				CLANG_WARN_INT_CONVERSION = YES;
				CLANG_WARN_OBJC_ROOT_CLASS = YES_ERROR;
				CLANG_WARN_UNREACHABLE_CODE = YES;
				CLANG_WARN__DUPLICATE_METHOD_MATCH = YES;
				COPY_PHASE_STRIP = NO;
				DEBUG_INFORMATION_FORMAT = dwarf;
				ENABLE_STRICT_OBJC_MSGSEND = YES;
				ENABLE_TESTABILITY = YES;
				GCC_C_LANGUAGE_STANDARD = gnu99;
				GCC_DYNAMIC_NO_PIC = NO;
				GCC_NO_COMMON_BLOCKS = YES;
				GCC_OPTIMIZATION_LEVEL = 0;
				GCC_PREPROCESSOR_DEFINITIONS = (
					"DEBUG=1",
					"$(inherited)",
				);
				GCC_WARN_64_TO_32_BIT_CONVERSION = YES;
				GCC_WARN_ABOUT_RETURN_TYPE = YES_ERROR;
				GCC_WARN_UNDECLARED_SELECTOR = YES;
				GCC_WARN_UNINITIALIZED_AUTOS = YES_AGGRESSIVE;
				GCC_WARN_UNUSED_FUNCTION = YES;
				GCC_WARN_UNUSED_VARIABLE = YES;
				MACOSX_DEPLOYMENT_TARGET = 10.11;
				MTL_ENABLE_DEBUG_INFO = YES;
				ONLY_ACTIVE_ARCH = YES;
				SDKROOT = macosx;
			};
			name = Debug;
		};
		D435A5131BBDF5980054573B /* Release */ = {
			isa = XCBuildConfiguration;
			buildSettings = {
				ALWAYS_SEARCH_USER_PATHS = NO;
				CLANG_CXX_LANGUAGE_STANDARD = "gnu++0x";
				CLANG_CXX_LIBRARY = "libc++";
				CLANG_ENABLE_MODULES = YES;
				CLANG_ENABLE_OBJC_ARC = YES;
				CLANG_WARN_BOOL_CONVERSION = YES;
				CLANG_WARN_CONSTANT_CONVERSION = YES;
				CLANG_WARN_DIRECT_OBJC_ISA_USAGE = YES_ERROR;
				CLANG_WARN_EMPTY_BODY = YES;
				CLANG_WARN_ENUM_CONVERSION = YES;
				CLANG_WARN_INT_CONVERSION = YES;
				CLANG_WARN_OBJC_ROOT_CLASS = YES_ERROR;
				CLANG_WARN_UNREACHABLE_CODE = YES;
				CLANG_WARN__DUPLICATE_METHOD_MATCH = YES;
				COPY_PHASE_STRIP = NO;
				DEBUG_INFORMATION_FORMAT = "dwarf-with-dsym";
				ENABLE_NS_ASSERTIONS = NO;
				ENABLE_STRICT_OBJC_MSGSEND = YES;
				GCC_C_LANGUAGE_STANDARD = gnu99;
				GCC_NO_COMMON_BLOCKS = YES;
				GCC_WARN_64_TO_32_BIT_CONVERSION = YES;
				GCC_WARN_ABOUT_RETURN_TYPE = YES_ERROR;
				GCC_WARN_UNDECLARED_SELECTOR = YES;
				GCC_WARN_UNINITIALIZED_AUTOS = YES_AGGRESSIVE;
				GCC_WARN_UNUSED_FUNCTION = YES;
				GCC_WARN_UNUSED_VARIABLE = YES;
				MACOSX_DEPLOYMENT_TARGET = 10.11;
				MTL_ENABLE_DEBUG_INFO = NO;
				SDKROOT = macosx;
			};
			name = Release;
		};
		D435A5151BBDF5980054573B /* Debug */ = {
			isa = XCBuildConfiguration;
			buildSettings = {
				PRODUCT_NAME = "$(TARGET_NAME)";
			};
			name = Debug;
		};
		D435A5161BBDF5980054573B /* Release */ = {
			isa = XCBuildConfiguration;
			buildSettings = {
				PRODUCT_NAME = "$(TARGET_NAME)";
			};
			name = Release;
		};
/* End XCBuildConfiguration section */

/* Begin XCConfigurationList section */
		D435A5081BBDF5980054573B /* Build configuration list for PBXProject "Lab1" */ = {
			isa = XCConfigurationList;
			buildConfigurations = (
				D435A5121BBDF5980054573B /* Debug */,
				D435A5131BBDF5980054573B /* Release */,
			);
			defaultConfigurationIsVisible = 0;
			defaultConfigurationName = Release;
		};
		D435A5141BBDF5980054573B /* Build configuration list for PBXNativeTarget "Lab1" */ = {
			isa = XCConfigurationList;
			buildConfigurations = (
				D435A5151BBDF5980054573B /* Debug */,
				D435A5161BBDF5980054573B /* Release */,
			);
			defaultConfigurationIsVisible = 0;
		};
/* End XCConfigurationList section */
	};
	rootObject = D435A5051BBDF5980054573B /* Project object */;
}
